// !$*UTF8*$!
{
	archiveVersion = 1;
	classes = {
	};
	objectVersion = 77;
	objects = {

/* Begin PBXContainerItemProxy section */
		EC445FE42E41D4B6005458C9 /* PBXContainerItemProxy */ = {
			isa = PBXContainerItemProxy;
			containerPortal = EC445FC92E41D4B4005458C9 /* Project object */;
			proxyType = 1;
			remoteGlobalIDString = EC445FD02E41D4B4005458C9;
			remoteInfo = "Flags Challenge";
		};
		EC445FEE2E41D4B6005458C9 /* PBXContainerItemProxy */ = {
			isa = PBXContainerItemProxy;
			containerPortal = EC445FC92E41D4B4005458C9 /* Project object */;
			proxyType = 1;
			remoteGlobalIDString = EC445FD02E41D4B4005458C9;
			remoteInfo = "Flags Challenge";
		};
/* End PBXContainerItemProxy section */

/* Begin PBXFileReference section */
		EC445FD12E41D4B4005458C9 /* Flags Challenge.app */ = {isa = PBXFileReference; explicitFileType = wrapper.application; includeInIndex = 0; path = "Flags Challenge.app"; sourceTree = BUILT_PRODUCTS_DIR; };
		EC445FE32E41D4B6005458C9 /* Flags ChallengeTests.xctest */ = {isa = PBXFileReference; explicitFileType = wrapper.cfbundle; includeInIndex = 0; path = "Flags ChallengeTests.xctest"; sourceTree = BUILT_PRODUCTS_DIR; };
		EC445FED2E41D4B6005458C9 /* Flags ChallengeUITests.xctest */ = {isa = PBXFileReference; explicitFileType = wrapper.cfbundle; includeInIndex = 0; path = "Flags ChallengeUITests.xctest"; sourceTree = BUILT_PRODUCTS_DIR; };
/* End PBXFileReference section */

/* Begin PBXFileSystemSynchronizedRootGroup section */
		EC445FD32E41D4B4005458C9 /* Flags Challenge */ = {
			isa = PBXFileSystemSynchronizedRootGroup;
			path = "Flags Challenge";
			sourceTree = "<group>";
		};
		EC445FE62E41D4B6005458C9 /* Flags ChallengeTests */ = {
			isa = PBXFileSystemSynchronizedRootGroup;
			path = "Flags ChallengeTests";
			sourceTree = "<group>";
		};
		EC445FF02E41D4B6005458C9 /* Flags ChallengeUITests */ = {
			isa = PBXFileSystemSynchronizedRootGroup;
			path = "Flags ChallengeUITests";
			sourceTree = "<group>";
		};
/* End PBXFileSystemSynchronizedRootGroup section */

/* Begin PBXFrameworksBuildPhase section */
		EC445FCE2E41D4B4005458C9 /* Frameworks */ = {
			isa = PBXFrameworksBuildPhase;
			buildActionMask = 2147483647;
			files = (
			);
			runOnlyForDeploymentPostprocessing = 0;
		};
		EC445FE02E41D4B6005458C9 /* Frameworks */ = {
			isa = PBXFrameworksBuildPhase;
			buildActionMask = 2147483647;
			files = (
			);
			runOnlyForDeploymentPostprocessing = 0;
		};
		EC445FEA2E41D4B6005458C9 /* Frameworks */ = {
			isa = PBXFrameworksBuildPhase;
			buildActionMask = 2147483647;
			files = (
			);
			runOnlyForDeploymentPostprocessing = 0;
		};
/* End PBXFrameworksBuildPhase section */

/* Begin PBXGroup section */
		EC445FC82E41D4B4005458C9 = {
			isa = PBXGroup;
			children = (
				EC445FD32E41D4B4005458C9 /* Flags Challenge */,
				EC445FE62E41D4B6005458C9 /* Flags ChallengeTests */,
				EC445FF02E41D4B6005458C9 /* Flags ChallengeUITests */,
				EC445FD22E41D4B4005458C9 /* Products */,
			);
			sourceTree = "<group>";
		};
		EC445FD22E41D4B4005458C9 /* Products */ = {
			isa = PBXGroup;
			children = (
				EC445FD12E41D4B4005458C9 /* Flags Challenge.app */,
				EC445FE32E41D4B6005458C9 /* Flags ChallengeTests.xctest */,
				EC445FED2E41D4B6005458C9 /* Flags ChallengeUITests.xctest */,
			);
			name = Products;
			sourceTree = "<group>";
		};
/* End PBXGroup section */

/* Begin PBXNativeTarget section */
		EC445FD02E41D4B4005458C9 /* Flags Challenge */ = {
			isa = PBXNativeTarget;
			buildConfigurationList = EC445FF72E41D4B6005458C9 /* Build configuration list for PBXNativeTarget "Flags Challenge" */;
			buildPhases = (
				EC445FCD2E41D4B4005458C9 /* Sources */,
				EC445FCE2E41D4B4005458C9 /* Frameworks */,
				EC445FCF2E41D4B4005458C9 /* Resources */,
			);
			buildRules = (
			);
			dependencies = (
			);
			fileSystemSynchronizedGroups = (
				EC445FD32E41D4B4005458C9 /* Flags Challenge */,
			);
			name = "Flags Challenge";
			packageProductDependencies = (
			);
			productName = "Flags Challenge";
			productReference = EC445FD12E41D4B4005458C9 /* Flags Challenge.app */;
			productType = "com.apple.product-type.application";
		};
		EC445FE22E41D4B6005458C9 /* Flags ChallengeTests */ = {
			isa = PBXNativeTarget;
			buildConfigurationList = EC445FFA2E41D4B6005458C9 /* Build configuration list for PBXNativeTarget "Flags ChallengeTests" */;
			buildPhases = (
				EC445FDF2E41D4B6005458C9 /* Sources */,
				EC445FE02E41D4B6005458C9 /* Frameworks */,
				EC445FE12E41D4B6005458C9 /* Resources */,
			);
			buildRules = (
			);
			dependencies = (
				EC445FE52E41D4B6005458C9 /* PBXTargetDependency */,
			);
			fileSystemSynchronizedGroups = (
				EC445FE62E41D4B6005458C9 /* Flags ChallengeTests */,
			);
			name = "Flags ChallengeTests";
			packageProductDependencies = (
			);
			productName = "Flags ChallengeTests";
			productReference = EC445FE32E41D4B6005458C9 /* Flags ChallengeTests.xctest */;
			productType = "com.apple.product-type.bundle.unit-test";
		};
		EC445FEC2E41D4B6005458C9 /* Flags ChallengeUITests */ = {
			isa = PBXNativeTarget;
			buildConfigurationList = EC445FFD2E41D4B6005458C9 /* Build configuration list for PBXNativeTarget "Flags ChallengeUITests" */;
			buildPhases = (
				EC445FE92E41D4B6005458C9 /* Sources */,
				EC445FEA2E41D4B6005458C9 /* Frameworks */,
				EC445FEB2E41D4B6005458C9 /* Resources */,
			);
			buildRules = (
			);
			dependencies = (
				EC445FEF2E41D4B6005458C9 /* PBXTargetDependency */,
			);
			fileSystemSynchronizedGroups = (
				EC445FF02E41D4B6005458C9 /* Flags ChallengeUITests */,
			);
			name = "Flags ChallengeUITests";
			packageProductDependencies = (
			);
			productName = "Flags ChallengeUITests";
			productReference = EC445FED2E41D4B6005458C9 /* Flags ChallengeUITests.xctest */;
			productType = "com.apple.product-type.bundle.ui-testing";
		};
/* End PBXNativeTarget section */

/* Begin PBXProject section */
		EC445FC92E41D4B4005458C9 /* Project object */ = {
			isa = PBXProject;
			attributes = {
				BuildIndependentTargetsInParallel = 1;
				LastSwiftUpdateCheck = 1640;
				LastUpgradeCheck = 1640;
				TargetAttributes = {
					EC445FD02E41D4B4005458C9 = {
						CreatedOnToolsVersion = 16.4;
					};
					EC445FE22E41D4B6005458C9 = {
						CreatedOnToolsVersion = 16.4;
						TestTargetID = EC445FD02E41D4B4005458C9;
					};
					EC445FEC2E41D4B6005458C9 = {
						CreatedOnToolsVersion = 16.4;
						TestTargetID = EC445FD02E41D4B4005458C9;
					};
				};
			};
			buildConfigurationList = EC445FCC2E41D4B4005458C9 /* Build configuration list for PBXProject "Flags Challenge" */;
			developmentRegion = en;
			hasScannedForEncodings = 0;
			knownRegions = (
				en,
				Base,
			);
			mainGroup = EC445FC82E41D4B4005458C9;
			minimizedProjectReferenceProxies = 1;
			preferredProjectObjectVersion = 77;
			productRefGroup = EC445FD22E41D4B4005458C9 /* Products */;
			projectDirPath = "";
			projectRoot = "";
			targets = (
				EC445FD02E41D4B4005458C9 /* Flags Challenge */,
				EC445FE22E41D4B6005458C9 /* Flags ChallengeTests */,
				EC445FEC2E41D4B6005458C9 /* Flags ChallengeUITests */,
			);
		};
/* End PBXProject section */

/* Begin PBXResourcesBuildPhase section */
		EC445FCF2E41D4B4005458C9 /* Resources */ = {
			isa = PBXResourcesBuildPhase;
			buildActionMask = 2147483647;
			files = (
			);
			runOnlyForDeploymentPostprocessing = 0;
		};
		EC445FE12E41D4B6005458C9 /* Resources */ = {
			isa = PBXResourcesBuildPhase;
			buildActionMask = 2147483647;
			files = (
			);
			runOnlyForDeploymentPostprocessing = 0;
		};
		EC445FEB2E41D4B6005458C9 /* Resources */ = {
			isa = PBXResourcesBuildPhase;
			buildActionMask = 2147483647;
			files = (
			);
			runOnlyForDeploymentPostprocessing = 0;
		};
/* End PBXResourcesBuildPhase section */

/* Begin PBXSourcesBuildPhase section */
		EC445FCD2E41D4B4005458C9 /* Sources */ = {
			isa = PBXSourcesBuildPhase;
			buildActionMask = 2147483647;
			files = (
			);
			runOnlyForDeploymentPostprocessing = 0;
		};
		EC445FDF2E41D4B6005458C9 /* Sources */ = {
			isa = PBXSourcesBuildPhase;
			buildActionMask = 2147483647;
			files = (
			);
			runOnlyForDeploymentPostprocessing = 0;
		};
		EC445FE92E41D4B6005458C9 /* Sources */ = {
			isa = PBXSourcesBuildPhase;
			buildActionMask = 2147483647;
			files = (
			);
			runOnlyForDeploymentPostprocessing = 0;
		};
/* End PBXSourcesBuildPhase section */

/* Begin PBXTargetDependency section */
		EC445FE52E41D4B6005458C9 /* PBXTargetDependency */ = {
			isa = PBXTargetDependency;
			target = EC445FD02E41D4B4005458C9 /* Flags Challenge */;
			targetProxy = EC445FE42E41D4B6005458C9 /* PBXContainerItemProxy */;
		};
		EC445FEF2E41D4B6005458C9 /* PBXTargetDependency */ = {
			isa = PBXTargetDependency;
			target = EC445FD02E41D4B4005458C9 /* Flags Challenge */;
			targetProxy = EC445FEE2E41D4B6005458C9 /* PBXContainerItemProxy */;
		};
/* End PBXTargetDependency section */

/* Begin XCBuildConfiguration section */
		EC445FF52E41D4B6005458C9 /* Debug */ = {
			isa = XCBuildConfiguration;
			buildSettings = {
				ALWAYS_SEARCH_USER_PATHS = NO;
				ASSETCATALOG_COMPILER_GENERATE_SWIFT_ASSET_SYMBOL_EXTENSIONS = YES;
				CLANG_ANALYZER_NONNULL = YES;
				CLANG_ANALYZER_NUMBER_OBJECT_CONVERSION = YES_AGGRESSIVE;
				CLANG_CXX_LANGUAGE_STANDARD = "gnu++20";
				CLANG_ENABLE_MODULES = YES;
				CLANG_ENABLE_OBJC_ARC = YES;
				CLANG_ENABLE_OBJC_WEAK = YES;
				CLANG_WARN_BLOCK_CAPTURE_AUTORELEASING = YES;
				CLANG_WARN_BOOL_CONVERSION = YES;
				CLANG_WARN_COMMA = YES;
				CLANG_WARN_CONSTANT_CONVERSION = YES;
				CLANG_WARN_DEPRECATED_OBJC_IMPLEMENTATIONS = YES;
				CLANG_WARN_DIRECT_OBJC_ISA_USAGE = YES_ERROR;
				CLANG_WARN_DOCUMENTATION_COMMENTS = YES;
				CLANG_WARN_EMPTY_BODY = YES;
				CLANG_WARN_ENUM_CONVERSION = YES;
				CLANG_WARN_INFINITE_RECURSION = YES;
				CLANG_WARN_INT_CONVERSION = YES;
				CLANG_WARN_NON_LITERAL_NULL_CONVERSION = YES;
				CLANG_WARN_OBJC_IMPLICIT_RETAIN_SELF = YES;
				CLANG_WARN_OBJC_LITERAL_CONVERSION = YES;
				CLANG_WARN_OBJC_ROOT_CLASS = YES_ERROR;
				CLANG_WARN_QUOTED_INCLUDE_IN_FRAMEWORK_HEADER = YES;
				CLANG_WARN_RANGE_LOOP_ANALYSIS = YES;
				CLANG_WARN_STRICT_PROTOTYPES = YES;
				CLANG_WARN_SUSPICIOUS_MOVE = YES;
				CLANG_WARN_UNGUARDED_AVAILABILITY = YES_AGGRESSIVE;
				CLANG_WARN_UNREACHABLE_CODE = YES;
				CLANG_WARN__DUPLICATE_METHOD_MATCH = YES;
				COPY_PHASE_STRIP = NO;
				DEBUG_INFORMATION_FORMAT = dwarf;
				DEVELOPMENT_TEAM = PTLRW5R376;
				ENABLE_STRICT_OBJC_MSGSEND = YES;
				ENABLE_TESTABILITY = YES;
				ENABLE_USER_SCRIPT_SANDBOXING = YES;
				GCC_C_LANGUAGE_STANDARD = gnu17;
				GCC_DYNAMIC_NO_PIC = NO;
				GCC_NO_COMMON_BLOCKS = YES;
				GCC_OPTIMIZATION_LEVEL = 0;
				GCC_PREPROCESSOR_DEFINITIONS = (
					"DEBUG=1",
					"$(inherited)",
				);
				GCC_WARN_64_TO_32_BIT_CONVERSION = YES;
				GCC_WARN_ABOUT_RETURN_TYPE = YES_ERROR;
				GCC_WARN_UNDECLARED_SELECTOR = YES;
				GCC_WARN_UNINITIALIZED_AUTOS = YES_AGGRESSIVE;
				GCC_WARN_UNUSED_FUNCTION = YES;
				GCC_WARN_UNUSED_VARIABLE = YES;
				IPHONEOS_DEPLOYMENT_TARGET = 18.5;
				LOCALIZATION_PREFERS_STRING_CATALOGS = YES;
				MTL_ENABLE_DEBUG_INFO = INCLUDE_SOURCE;
				MTL_FAST_MATH = YES;
				ONLY_ACTIVE_ARCH = YES;
				SDKROOT = iphoneos;
				SWIFT_ACTIVE_COMPILATION_CONDITIONS = "DEBUG $(inherited)";
				SWIFT_OPTIMIZATION_LEVEL = "-Onone";
			};
			name = Debug;
		};
		EC445FF62E41D4B6005458C9 /* Release */ = {
			isa = XCBuildConfiguration;
			buildSettings = {
				ALWAYS_SEARCH_USER_PATHS = NO;
				ASSETCATALOG_COMPILER_GENERATE_SWIFT_ASSET_SYMBOL_EXTENSIONS = YES;
				CLANG_ANALYZER_NONNULL = YES;
				CLANG_ANALYZER_NUMBER_OBJECT_CONVERSION = YES_AGGRESSIVE;
				CLANG_CXX_LANGUAGE_STANDARD = "gnu++20";
				CLANG_ENABLE_MODULES = YES;
				CLANG_ENABLE_OBJC_ARC = YES;
				CLANG_ENABLE_OBJC_WEAK = YES;
				CLANG_WARN_BLOCK_CAPTURE_AUTORELEASING = YES;
				CLANG_WARN_BOOL_CONVERSION = YES;
				CLANG_WARN_COMMA = YES;
				CLANG_WARN_CONSTANT_CONVERSION = YES;
				CLANG_WARN_DEPRECATED_OBJC_IMPLEMENTATIONS = YES;
				CLANG_WARN_DIRECT_OBJC_ISA_USAGE = YES_ERROR;
				CLANG_WARN_DOCUMENTATION_COMMENTS = YES;
				CLANG_WARN_EMPTY_BODY = YES;
				CLANG_WARN_ENUM_CONVERSION = YES;
				CLANG_WARN_INFINITE_RECURSION = YES;
				CLANG_WARN_INT_CONVERSION = YES;
				CLANG_WARN_NON_LITERAL_NULL_CONVERSION = YES;
				CLANG_WARN_OBJC_IMPLICIT_RETAIN_SELF = YES;
				CLANG_WARN_OBJC_LITERAL_CONVERSION = YES;
				CLANG_WARN_OBJC_ROOT_CLASS = YES_ERROR;
				CLANG_WARN_QUOTED_INCLUDE_IN_FRAMEWORK_HEADER = YES;
				CLANG_WARN_RANGE_LOOP_ANALYSIS = YES;
				CLANG_WARN_STRICT_PROTOTYPES = YES;
				CLANG_WARN_SUSPICIOUS_MOVE = YES;
				CLANG_WARN_UNGUARDED_AVAILABILITY = YES_AGGRESSIVE;
				CLANG_WARN_UNREACHABLE_CODE = YES;
				CLANG_WARN__DUPLICATE_METHOD_MATCH = YES;
				COPY_PHASE_STRIP = NO;
				DEBUG_INFORMATION_FORMAT = "dwarf-with-dsym";
				DEVELOPMENT_TEAM = PTLRW5R376;
				ENABLE_NS_ASSERTIONS = NO;
				ENABLE_STRICT_OBJC_MSGSEND = YES;
				ENABLE_USER_SCRIPT_SANDBOXING = YES;
				GCC_C_LANGUAGE_STANDARD = gnu17;
				GCC_NO_COMMON_BLOCKS = YES;
				GCC_WARN_64_TO_32_BIT_CONVERSION = YES;
				GCC_WARN_ABOUT_RETURN_TYPE = YES_ERROR;
				GCC_WARN_UNDECLARED_SELECTOR = YES;
				GCC_WARN_UNINITIALIZED_AUTOS = YES_AGGRESSIVE;
				GCC_WARN_UNUSED_FUNCTION = YES;
				GCC_WARN_UNUSED_VARIABLE = YES;
				IPHONEOS_DEPLOYMENT_TARGET = 18.5;
				LOCALIZATION_PREFERS_STRING_CATALOGS = YES;
				MTL_ENABLE_DEBUG_INFO = NO;
				MTL_FAST_MATH = YES;
				SDKROOT = iphoneos;
				SWIFT_COMPILATION_MODE = wholemodule;
				VALIDATE_PRODUCT = YES;
			};
			name = Release;
		};
		EC445FF82E41D4B6005458C9 /* Debug */ = {
			isa = XCBuildConfiguration;
			buildSettings = {
				ASSETCATALOG_COMPILER_APPICON_NAME = AppIcon;
				ASSETCATALOG_COMPILER_GLOBAL_ACCENT_COLOR_NAME = AccentColor;
				CODE_SIGN_STYLE = Automatic;
				CURRENT_PROJECT_VERSION = 1;
				DEVELOPMENT_TEAM = PTLRW5R376;
				ENABLE_PREVIEWS = YES;
				GENERATE_INFOPLIST_FILE = YES;
				INFOPLIST_KEY_UIApplicationSceneManifest_Generation = YES;
				INFOPLIST_KEY_UIApplicationSupportsIndirectInputEvents = YES;
				INFOPLIST_KEY_UILaunchScreen_Generation = YES;
				INFOPLIST_KEY_UISupportedInterfaceOrientations_iPad = "UIInterfaceOrientationPortrait UIInterfaceOrientationPortraitUpsideDown UIInterfaceOrientationLandscapeLeft UIInterfaceOrientationLandscapeRight";
				INFOPLIST_KEY_UISupportedInterfaceOrientations_iPhone = "UIInterfaceOrientationPortrait UIInterfaceOrientationLandscapeLeft UIInterfaceOrientationLandscapeRight";
				LD_RUNPATH_SEARCH_PATHS = (
					"$(inherited)",
					"@executable_path/Frameworks",
				);
				MARKETING_VERSION = 1.0;
				PRODUCT_BUNDLE_IDENTIFIER = "manappuram.Flags-Challenge";
				PRODUCT_NAME = "$(TARGET_NAME)";
				SWIFT_EMIT_LOC_STRINGS = YES;
				SWIFT_VERSION = 5.0;
				TARGETED_DEVICE_FAMILY = "1,2";
			};
			name = Debug;
		};
		EC445FF92E41D4B6005458C9 /* Release */ = {
			isa = XCBuildConfiguration;
			buildSettings = {
				ASSETCATALOG_COMPILER_APPICON_NAME = AppIcon;
				ASSETCATALOG_COMPILER_GLOBAL_ACCENT_COLOR_NAME = AccentColor;
				CODE_SIGN_STYLE = Automatic;
				CURRENT_PROJECT_VERSION = 1;
				DEVELOPMENT_TEAM = PTLRW5R376;
				ENABLE_PREVIEWS = YES;
				GENERATE_INFOPLIST_FILE = YES;
				INFOPLIST_KEY_UIApplicationSceneManifest_Generation = YES;
				INFOPLIST_KEY_UIApplicationSupportsIndirectInputEvents = YES;
				INFOPLIST_KEY_UILaunchScreen_Generation = YES;
				INFOPLIST_KEY_UISupportedInterfaceOrientations_iPad = "UIInterfaceOrientationPortrait UIInterfaceOrientationPortraitUpsideDown UIInterfaceOrientationLandscapeLeft UIInterfaceOrientationLandscapeRight";
				INFOPLIST_KEY_UISupportedInterfaceOrientations_iPhone = "UIInterfaceOrientationPortrait UIInterfaceOrientationLandscapeLeft UIInterfaceOrientationLandscapeRight";
				LD_RUNPATH_SEARCH_PATHS = (
					"$(inherited)",
					"@executable_path/Frameworks",
				);
				MARKETING_VERSION = 1.0;
				PRODUCT_BUNDLE_IDENTIFIER = "manappuram.Flags-Challenge";
				PRODUCT_NAME = "$(TARGET_NAME)";
				SWIFT_EMIT_LOC_STRINGS = YES;
				SWIFT_VERSION = 5.0;
				TARGETED_DEVICE_FAMILY = "1,2";
			};
			name = Release;
		};
		EC445FFB2E41D4B6005458C9 /* Debug */ = {
			isa = XCBuildConfiguration;
			buildSettings = {
				BUNDLE_LOADER = "$(TEST_HOST)";
				CODE_SIGN_STYLE = Automatic;
				CURRENT_PROJECT_VERSION = 1;
				DEVELOPMENT_TEAM = PTLRW5R376;
				GENERATE_INFOPLIST_FILE = YES;
				IPHONEOS_DEPLOYMENT_TARGET = 18.5;
				MARKETING_VERSION = 1.0;
				PRODUCT_BUNDLE_IDENTIFIER = "manappuram.Flags-ChallengeTests";
				PRODUCT_NAME = "$(TARGET_NAME)";
				SWIFT_EMIT_LOC_STRINGS = NO;
				SWIFT_VERSION = 5.0;
				TARGETED_DEVICE_FAMILY = "1,2";
				TEST_HOST = "$(BUILT_PRODUCTS_DIR)/Flags Challenge.app/$(BUNDLE_EXECUTABLE_FOLDER_PATH)/Flags Challenge";
			};
			name = Debug;
		};
		EC445FFC2E41D4B6005458C9 /* Release */ = {
			isa = XCBuildConfiguration;
			buildSettings = {
				BUNDLE_LOADER = "$(TEST_HOST)";
				CODE_SIGN_STYLE = Automatic;
				CURRENT_PROJECT_VERSION = 1;
				DEVELOPMENT_TEAM = PTLRW5R376;
				GENERATE_INFOPLIST_FILE = YES;
				IPHONEOS_DEPLOYMENT_TARGET = 18.5;
				MARKETING_VERSION = 1.0;
				PRODUCT_BUNDLE_IDENTIFIER = "manappuram.Flags-ChallengeTests";
				PRODUCT_NAME = "$(TARGET_NAME)";
				SWIFT_EMIT_LOC_STRINGS = NO;
				SWIFT_VERSION = 5.0;
				TARGETED_DEVICE_FAMILY = "1,2";
				TEST_HOST = "$(BUILT_PRODUCTS_DIR)/Flags Challenge.app/$(BUNDLE_EXECUTABLE_FOLDER_PATH)/Flags Challenge";
			};
			name = Release;
		};
		EC445FFE2E41D4B6005458C9 /* Debug */ = {
			isa = XCBuildConfiguration;
			buildSettings = {
				CODE_SIGN_STYLE = Automatic;
				CURRENT_PROJECT_VERSION = 1;
				DEVELOPMENT_TEAM = PTLRW5R376;
				GENERATE_INFOPLIST_FILE = YES;
				MARKETING_VERSION = 1.0;
				PRODUCT_BUNDLE_IDENTIFIER = "manappuram.Flags-ChallengeUITests";
				PRODUCT_NAME = "$(TARGET_NAME)";
				SWIFT_EMIT_LOC_STRINGS = NO;
				SWIFT_VERSION = 5.0;
				TARGETED_DEVICE_FAMILY = "1,2";
				TEST_TARGET_NAME = "Flags Challenge";
			};
			name = Debug;
		};
		EC445FFF2E41D4B6005458C9 /* Release */ = {
			isa = XCBuildConfiguration;
			buildSettings = {
				CODE_SIGN_STYLE = Automatic;
				CURRENT_PROJECT_VERSION = 1;
				DEVELOPMENT_TEAM = PTLRW5R376;
				GENERATE_INFOPLIST_FILE = YES;
				MARKETING_VERSION = 1.0;
				PRODUCT_BUNDLE_IDENTIFIER = "manappuram.Flags-ChallengeUITests";
				PRODUCT_NAME = "$(TARGET_NAME)";
				SWIFT_EMIT_LOC_STRINGS = NO;
				SWIFT_VERSION = 5.0;
				TARGETED_DEVICE_FAMILY = "1,2";
				TEST_TARGET_NAME = "Flags Challenge";
			};
			name = Release;
		};
/* End XCBuildConfiguration section */

/* Begin XCConfigurationList section */
		EC445FCC2E41D4B4005458C9 /* Build configuration list for PBXProject "Flags Challenge" */ = {
			isa = XCConfigurationList;
			buildConfigurations = (
				EC445FF52E41D4B6005458C9 /* Debug */,
				EC445FF62E41D4B6005458C9 /* Release */,
			);
			defaultConfigurationIsVisible = 0;
			defaultConfigurationName = Release;
		};
		EC445FF72E41D4B6005458C9 /* Build configuration list for PBXNativeTarget "Flags Challenge" */ = {
			isa = XCConfigurationList;
			buildConfigurations = (
				EC445FF82E41D4B6005458C9 /* Debug */,
				EC445FF92E41D4B6005458C9 /* Release */,
			);
			defaultConfigurationIsVisible = 0;
			defaultConfigurationName = Release;
		};
		EC445FFA2E41D4B6005458C9 /* Build configuration list for PBXNativeTarget "Flags ChallengeTests" */ = {
			isa = XCConfigurationList;
			buildConfigurations = (
				EC445FFB2E41D4B6005458C9 /* Debug */,
				EC445FFC2E41D4B6005458C9 /* Release */,
			);
			defaultConfigurationIsVisible = 0;
			defaultConfigurationName = Release;
		};
		EC445FFD2E41D4B6005458C9 /* Build configuration list for PBXNativeTarget "Flags ChallengeUITests" */ = {
			isa = XCConfigurationList;
			buildConfigurations = (
				EC445FFE2E41D4B6005458C9 /* Debug */,
				EC445FFF2E41D4B6005458C9 /* Release */,
			);
			defaultConfigurationIsVisible = 0;
			defaultConfigurationName = Release;
		};
/* End XCConfigurationList section */
	};
	rootObject = EC445FC92E41D4B4005458C9 /* Project object */;
}
